
Microsoft Visual Studio Solution File, Format Version 12.00
# Visual Studio Version 17
VisualStudioVersion = 17.7.34024.191
MinimumVisualStudioVersion = 10.0.40219.1
Project("{FAE04EC0-301F-11D3-BF4B-00C04F79EFBC}") = "點餐", "點餐\點餐.csproj", "{B069F671-B19A-45CE-B513-4D423E48B464}"
EndProject
Project("{FAE04EC0-301F-11D3-BF4B-00C04F79EFBC}") = "Handler", "Handler\Handler.csproj", "{01664945-3940-41F7-B67E-A9B6A4A950CD}"
EndProject
Project("{FAE04EC0-301F-11D3-BF4B-00C04F79EFBC}") = "Callback", "Callback\Callback.csproj", "{3C65ACB8-C785-44A3-A4C2-E4A3CB557CED}"
EndProject
Global
	GlobalSection(SolutionConfigurationPlatforms) = preSolution
		Debug|Any CPU = Debug|Any CPU
		Release|Any CPU = Release|Any CPU
	EndGlobalSection
	GlobalSection(ProjectConfigurationPlatforms) = postSolution
		{B069F671-B19A-45CE-B513-4D423E48B464}.Debug|Any CPU.ActiveCfg = Debug|Any CPU
		{B069F671-B19A-45CE-B513-4D423E48B464}.Debug|Any CPU.Build.0 = Debug|Any CPU
		{B069F671-B19A-45CE-B513-4D423E48B464}.Release|Any CPU.ActiveCfg = Release|Any CPU
		{B069F671-B19A-45CE-B513-4D423E48B464}.Release|Any CPU.Build.0 = Release|Any CPU
		{01664945-3940-41F7-B67E-A9B6A4A950CD}.Debug|Any CPU.ActiveCfg = Debug|Any CPU
		{01664945-3940-41F7-B67E-A9B6A4A950CD}.Debug|Any CPU.Build.0 = Debug|Any CPU
		{01664945-3940-41F7-B67E-A9B6A4A950CD}.Release|Any CPU.ActiveCfg = Release|Any CPU
		{01664945-3940-41F7-B67E-A9B6A4A950CD}.Release|Any CPU.Build.0 = Release|Any CPU
		{3C65ACB8-C785-44A3-A4C2-E4A3CB557CED}.Debug|Any CPU.ActiveCfg = Debug|Any CPU
		{3C65ACB8-C785-44A3-A4C2-E4A3CB557CED}.Debug|Any CPU.Build.0 = Debug|Any CPU
		{3C65ACB8-C785-44A3-A4C2-E4A3CB557CED}.Release|Any CPU.ActiveCfg = Release|Any CPU
		{3C65ACB8-C785-44A3-A4C2-E4A3CB557CED}.Release|Any CPU.Build.0 = Release|Any CPU
	EndGlobalSection
	GlobalSection(SolutionProperties) = preSolution
		HideSolutionNode = FALSE
	EndGlobalSection
	GlobalSection(ExtensibilityGlobals) = postSolution
		SolutionGuid = {CFB0ED9B-61E5-461A-BF10-FD39D8E65D5B}
	EndGlobalSection
EndGlobal
